
Microsoft Visual Studio Solution File, Format Version 12.00
# Visual Studio Version 17
VisualStudioVersion = 17.11.35327.3
MinimumVisualStudioVersion = 10.0.40219.1
Project("{54A90642-561A-4BB1-A94E-469ADEE60C69}") = "NodeConsoleApp1", "NodeConsoleApp1.esproj", "{E78BFAE6-F115-4F17-8754-7B746BE4D5DD}"
EndProject
Global
	GlobalSection(SolutionConfigurationPlatforms) = preSolution
		Debug|Any CPU = Debug|Any CPU
		Release|Any CPU = Release|Any CPU
	EndGlobalSection
	GlobalSection(ProjectConfigurationPlatforms) = postSolution
		{E78BFAE6-F115-4F17-8754-7B746BE4D5DD}.Debug|Any CPU.ActiveCfg = Debug|Any CPU
		{E78BFAE6-F115-4F17-8754-7B746BE4D5DD}.Debug|Any CPU.Build.0 = Debug|Any CPU
		{E78BFAE6-F115-4F17-8754-7B746BE4D5DD}.Debug|Any CPU.Deploy.0 = Debug|Any CPU
		{E78BFAE6-F115-4F17-8754-7B746BE4D5DD}.Release|Any CPU.ActiveCfg = Release|Any CPU
		{E78BFAE6-F115-4F17-8754-7B746BE4D5DD}.Release|Any CPU.Build.0 = Release|Any CPU
		{E78BFAE6-F115-4F17-8754-7B746BE4D5DD}.Release|Any CPU.Deploy.0 = Release|Any CPU
	EndGlobalSection
	GlobalSection(SolutionProperties) = preSolution
		HideSolutionNode = FALSE
	EndGlobalSection
	GlobalSection(ExtensibilityGlobals) = postSolution
		SolutionGuid = {8747D538-8056-426D-907D-81B7414A7484}
	EndGlobalSection
EndGlobal
